
Microsoft Visual Studio Solution File, Format Version 12.00
# Visual Studio 15
VisualStudioVersion = 15.0.28307.168
MinimumVisualStudioVersion = 10.0.40219.1
Project("{FAE04EC0-301F-11D3-BF4B-00C04F79EFBC}") = "Polymorphism", "Polymorphism\Polymorphism.csproj", "{5D9F957B-78EB-470C-A532-C90CE356D4DD}"
EndProject
Global
	GlobalSection(SolutionConfigurationPlatforms) = preSolution
		Debug|Any CPU = Debug|Any CPU
		Release|Any CPU = Release|Any CPU
	EndGlobalSection
	GlobalSection(ProjectConfigurationPlatforms) = postSolution
		{5D9F957B-78EB-470C-A532-C90CE356D4DD}.Debug|Any CPU.ActiveCfg = Debug|Any CPU
		{5D9F957B-78EB-470C-A532-C90CE356D4DD}.Debug|Any CPU.Build.0 = Debug|Any CPU
		{5D9F957B-78EB-470C-A532-C90CE356D4DD}.Release|Any CPU.ActiveCfg = Release|Any CPU
		{5D9F957B-78EB-470C-A532-C90CE356D4DD}.Release|Any CPU.Build.0 = Release|Any CPU
	EndGlobalSection
	GlobalSection(SolutionProperties) = preSolution
		HideSolutionNode = FALSE
	EndGlobalSection
	GlobalSection(ExtensibilityGlobals) = postSolution
		SolutionGuid = {F4152754-FE52-49B3-90CE-CCE0081E3B33}
	EndGlobalSection
EndGlobal
